
Microsoft Visual Studio Solution File, Format Version 12.00
# Visual Studio Version 16
VisualStudioVersion = 16.0.30204.135
MinimumVisualStudioVersion = 10.0.40219.1
Project("{FAE04EC0-301F-11D3-BF4B-00C04F79EFBC}") = "docker-compose", "docker-compose\docker-compose.csproj", "{320FD37A-8AF8-49AC-B1F7-1AEAF26DEA81}"
EndProject
Global
	GlobalSection(SolutionConfigurationPlatforms) = preSolution
		Debug|Any CPU = Debug|Any CPU
		Debug|x64 = Debug|x64
		Release|Any CPU = Release|Any CPU
		Release|x64 = Release|x64
	EndGlobalSection
	GlobalSection(ProjectConfigurationPlatforms) = postSolution
		{320FD37A-8AF8-49AC-B1F7-1AEAF26DEA81}.Debug|Any CPU.ActiveCfg = Debug|Any CPU
		{320FD37A-8AF8-49AC-B1F7-1AEAF26DEA81}.Debug|Any CPU.Build.0 = Debug|Any CPU
		{320FD37A-8AF8-49AC-B1F7-1AEAF26DEA81}.Debug|x64.ActiveCfg = Debug|Any CPU
		{320FD37A-8AF8-49AC-B1F7-1AEAF26DEA81}.Debug|x64.Build.0 = Debug|Any CPU
		{320FD37A-8AF8-49AC-B1F7-1AEAF26DEA81}.Release|Any CPU.ActiveCfg = Release|Any CPU
		{320FD37A-8AF8-49AC-B1F7-1AEAF26DEA81}.Release|Any CPU.Build.0 = Release|Any CPU
		{320FD37A-8AF8-49AC-B1F7-1AEAF26DEA81}.Release|x64.ActiveCfg = Release|Any CPU
		{320FD37A-8AF8-49AC-B1F7-1AEAF26DEA81}.Release|x64.Build.0 = Release|Any CPU
	EndGlobalSection
	GlobalSection(SolutionProperties) = preSolution
		HideSolutionNode = FALSE
	EndGlobalSection
	GlobalSection(ExtensibilityGlobals) = postSolution
		SolutionGuid = {681C9D25-A0F1-4350-8CD2-321CF62957D6}
	EndGlobalSection
EndGlobal
